
Microsoft Visual Studio Solution File, Format Version 12.00
# Visual Studio Version 17
VisualStudioVersion = 17.1.32319.34
MinimumVisualStudioVersion = 10.0.40219.1
Project("{FAE04EC0-301F-11D3-BF4B-00C04F79EFBC}") = "WebAppMVCInterface10419", "WebAppMVCInterface10419\WebAppMVCInterface10419.csproj", "{D1E082E7-FDBE-4971-BCC3-F6818BDDBF60}"
EndProject
Global
	GlobalSection(SolutionConfigurationPlatforms) = preSolution
		Debug|Any CPU = Debug|Any CPU
		Release|Any CPU = Release|Any CPU
	EndGlobalSection
	GlobalSection(ProjectConfigurationPlatforms) = postSolution
		{D1E082E7-FDBE-4971-BCC3-F6818BDDBF60}.Debug|Any CPU.ActiveCfg = Debug|Any CPU
		{D1E082E7-FDBE-4971-BCC3-F6818BDDBF60}.Debug|Any CPU.Build.0 = Debug|Any CPU
		{D1E082E7-FDBE-4971-BCC3-F6818BDDBF60}.Release|Any CPU.ActiveCfg = Release|Any CPU
		{D1E082E7-FDBE-4971-BCC3-F6818BDDBF60}.Release|Any CPU.Build.0 = Release|Any CPU
	EndGlobalSection
	GlobalSection(SolutionProperties) = preSolution
		HideSolutionNode = FALSE
	EndGlobalSection
	GlobalSection(ExtensibilityGlobals) = postSolution
		SolutionGuid = {5F9ED115-D661-4BE8-8753-8D9F5F59EC74}
	EndGlobalSection
EndGlobal
